PODS:
  - FlutterMacOS (1.0.0)
  - record_macos (0.2.0):
    - FlutterMacOS

DEPENDENCIES:
  - FlutterMacOS (from `Flutter/ephemeral`)
  - record_macos (from `Flutter/ephemeral/.symlinks/plugins/record_macos/macos`)

EXTERNAL SOURCES:
  FlutterMacOS:
    :path: Flutter/ephemeral
  record_macos:
    :path: Flutter/ephemeral/.symlinks/plugins/record_macos/macos

SPEC CHECKSUMS:
  FlutterMacOS: 8f6f14fa908a6fb3fba0cd85dbd81ec4b251fb24
  record_macos: 937889e0f2a7a12b6fc14e97a3678e5a18943de6

PODFILE CHECKSUM: b259708c22dc81a9c686936300884883e88a7b04

COCOAPODS: 1.11.3
